{
  "requires": true,
  "lockfileVersion": 1,
  "dependencies": {
    "vuetify": {
      "version": "1.0.14",
      "resolved": "https://registry.npmjs.org/vuetify/-/vuetify-1.0.14.tgz",
      "integrity": "sha512-bZrf1ZkyeOoZz4APt6APxfBAvz1UPnvY3ZrAjYg/PDmI5qnn7535oJLnWLoSR+yFPcDaqCIc+UqAdzi4rCZ52Q=="
    }
  }
}
